// !$*UTF8*$!
{
	archiveVersion = 1;
	classes = {
	};
	objectVersion = 77;
	objects = {

/* Begin PBXContainerItemProxy section */
		72FCD84F2D7337740017B3E6 /* PBXContainerItemProxy */ = {
			isa = PBXContainerItemProxy;
			containerPortal = 72FCD82F2D7337710017B3E6 /* Project object */;
			proxyType = 1;
			remoteGlobalIDString = 72FCD8362D7337710017B3E6;
			remoteInfo = "What I Have Done";
		};
		72FCD8592D7337740017B3E6 /* PBXContainerItemProxy */ = {
			isa = PBXContainerItemProxy;
			containerPortal = 72FCD82F2D7337710017B3E6 /* Project object */;
			proxyType = 1;
			remoteGlobalIDString = 72FCD8362D7337710017B3E6;
			remoteInfo = "What I Have Done";
		};
/* End PBXContainerItemProxy section */

/* Begin PBXFileReference section */
		72FCD8372D7337710017B3E6 /* What I Have Done.app */ = {isa = PBXFileReference; explicitFileType = wrapper.application; includeInIndex = 0; path = "What I Have Done.app"; sourceTree = BUILT_PRODUCTS_DIR; };
		72FCD84E2D7337740017B3E6 /* What I Have DoneTests.xctest */ = {isa = PBXFileReference; explicitFileType = wrapper.cfbundle; includeInIndex = 0; path = "What I Have DoneTests.xctest"; sourceTree = BUILT_PRODUCTS_DIR; };
		72FCD8582D7337740017B3E6 /* What I Have DoneUITests.xctest */ = {isa = PBXFileReference; explicitFileType = wrapper.cfbundle; includeInIndex = 0; path = "What I Have DoneUITests.xctest"; sourceTree = BUILT_PRODUCTS_DIR; };
/* End PBXFileReference section */

/* Begin PBXFileSystemSynchronizedBuildFileExceptionSet section */
		72FCD8602D7337740017B3E6 /* Exceptions for "What I Have Done" folder in "What I Have Done" target */ = {
			isa = PBXFileSystemSynchronizedBuildFileExceptionSet;
			membershipExceptions = (
				Info.plist,
			);
			target = 72FCD8362D7337710017B3E6 /* What I Have Done */;
		};
/* End PBXFileSystemSynchronizedBuildFileExceptionSet section */

/* Begin PBXFileSystemSynchronizedRootGroup section */
		72FCD8392D7337710017B3E6 /* What I Have Done */ = {
			isa = PBXFileSystemSynchronizedRootGroup;
			exceptions = (
				72FCD8602D7337740017B3E6 /* Exceptions for "What I Have Done" folder in "What I Have Done" target */,
			);
			path = "What I Have Done";
			sourceTree = "<group>";
		};
		72FCD8512D7337740017B3E6 /* What I Have DoneTests */ = {
			isa = PBXFileSystemSynchronizedRootGroup;
			path = "What I Have DoneTests";
			sourceTree = "<group>";
		};
		72FCD85B2D7337740017B3E6 /* What I Have DoneUITests */ = {
			isa = PBXFileSystemSynchronizedRootGroup;
			path = "What I Have DoneUITests";
			sourceTree = "<group>";
		};
/* End PBXFileSystemSynchronizedRootGroup section */

/* Begin PBXFrameworksBuildPhase section */
		72FCD8342D7337710017B3E6 /* Frameworks */ = {
			isa = PBXFrameworksBuildPhase;
			buildActionMask = 2147483647;
			files = (
			);
			runOnlyForDeploymentPostprocessing = 0;
		};
		72FCD84B2D7337740017B3E6 /* Frameworks */ = {
			isa = PBXFrameworksBuildPhase;
			buildActionMask = 2147483647;
			files = (
			);
			runOnlyForDeploymentPostprocessing = 0;
		};
		72FCD8552D7337740017B3E6 /* Frameworks */ = {
			isa = PBXFrameworksBuildPhase;
			buildActionMask = 2147483647;
			files = (
			);
			runOnlyForDeploymentPostprocessing = 0;
		};
/* End PBXFrameworksBuildPhase section */

/* Begin PBXGroup section */
		72FCD82E2D7337710017B3E6 = {
			isa = PBXGroup;
			children = (
				72FCD8392D7337710017B3E6 /* What I Have Done */,
				72FCD8512D7337740017B3E6 /* What I Have DoneTests */,
				72FCD85B2D7337740017B3E6 /* What I Have DoneUITests */,
				72FCD8382D7337710017B3E6 /* Products */,
			);
			sourceTree = "<group>";
		};
		72FCD8382D7337710017B3E6 /* Products */ = {
			isa = PBXGroup;
			children = (
				72FCD8372D7337710017B3E6 /* What I Have Done.app */,
				72FCD84E2D7337740017B3E6 /* What I Have DoneTests.xctest */,
				72FCD8582D7337740017B3E6 /* What I Have DoneUITests.xctest */,
			);
			name = Products;
			sourceTree = "<group>";
		};
/* End PBXGroup section */

/* Begin PBXNativeTarget section */
		72FCD8362D7337710017B3E6 /* What I Have Done */ = {
			isa = PBXNativeTarget;
			buildConfigurationList = 72FCD8612D7337740017B3E6 /* Build configuration list for PBXNativeTarget "What I Have Done" */;
			buildPhases = (
				72FCD8332D7337710017B3E6 /* Sources */,
				72FCD8342D7337710017B3E6 /* Frameworks */,
				72FCD8352D7337710017B3E6 /* Resources */,
			);
			buildRules = (
			);
			dependencies = (
			);
			fileSystemSynchronizedGroups = (
				72FCD8392D7337710017B3E6 /* What I Have Done */,
			);
			name = "What I Have Done";
			packageProductDependencies = (
			);
			productName = "What I Have Done";
			productReference = 72FCD8372D7337710017B3E6 /* What I Have Done.app */;
			productType = "com.apple.product-type.application";
		};
		72FCD84D2D7337740017B3E6 /* What I Have DoneTests */ = {
			isa = PBXNativeTarget;
			buildConfigurationList = 72FCD8662D7337740017B3E6 /* Build configuration list for PBXNativeTarget "What I Have DoneTests" */;
			buildPhases = (
				72FCD84A2D7337740017B3E6 /* Sources */,
				72FCD84B2D7337740017B3E6 /* Frameworks */,
				72FCD84C2D7337740017B3E6 /* Resources */,
			);
			buildRules = (
			);
			dependencies = (
				72FCD8502D7337740017B3E6 /* PBXTargetDependency */,
			);
			fileSystemSynchronizedGroups = (
				72FCD8512D7337740017B3E6 /* What I Have DoneTests */,
			);
			name = "What I Have DoneTests";
			packageProductDependencies = (
			);
			productName = "What I Have DoneTests";
			productReference = 72FCD84E2D7337740017B3E6 /* What I Have DoneTests.xctest */;
			productType = "com.apple.product-type.bundle.unit-test";
		};
		72FCD8572D7337740017B3E6 /* What I Have DoneUITests */ = {
			isa = PBXNativeTarget;
			buildConfigurationList = 72FCD8692D7337740017B3E6 /* Build configuration list for PBXNativeTarget "What I Have DoneUITests" */;
			buildPhases = (
				72FCD8542D7337740017B3E6 /* Sources */,
				72FCD8552D7337740017B3E6 /* Frameworks */,
				72FCD8562D7337740017B3E6 /* Resources */,
			);
			buildRules = (
			);
			dependencies = (
				72FCD85A2D7337740017B3E6 /* PBXTargetDependency */,
			);
			fileSystemSynchronizedGroups = (
				72FCD85B2D7337740017B3E6 /* What I Have DoneUITests */,
			);
			name = "What I Have DoneUITests";
			packageProductDependencies = (
			);
			productName = "What I Have DoneUITests";
			productReference = 72FCD8582D7337740017B3E6 /* What I Have DoneUITests.xctest */;
			productType = "com.apple.product-type.bundle.ui-testing";
		};
/* End PBXNativeTarget section */

/* Begin PBXProject section */
		72FCD82F2D7337710017B3E6 /* Project object */ = {
			isa = PBXProject;
			attributes = {
				BuildIndependentTargetsInParallel = 1;
				LastSwiftUpdateCheck = 1620;
				LastUpgradeCheck = 1620;
				TargetAttributes = {
					72FCD8362D7337710017B3E6 = {
						CreatedOnToolsVersion = 16.2;
					};
					72FCD84D2D7337740017B3E6 = {
						CreatedOnToolsVersion = 16.2;
						TestTargetID = 72FCD8362D7337710017B3E6;
					};
					72FCD8572D7337740017B3E6 = {
						CreatedOnToolsVersion = 16.2;
						TestTargetID = 72FCD8362D7337710017B3E6;
					};
				};
			};
			buildConfigurationList = 72FCD8322D7337710017B3E6 /* Build configuration list for PBXProject "What I Have Done" */;
			developmentRegion = en;
			hasScannedForEncodings = 0;
			knownRegions = (
				en,
				Base,
			);
			mainGroup = 72FCD82E2D7337710017B3E6;
			minimizedProjectReferenceProxies = 1;
			preferredProjectObjectVersion = 77;
			productRefGroup = 72FCD8382D7337710017B3E6 /* Products */;
			projectDirPath = "";
			projectRoot = "";
			targets = (
				72FCD8362D7337710017B3E6 /* What I Have Done */,
				72FCD84D2D7337740017B3E6 /* What I Have DoneTests */,
				72FCD8572D7337740017B3E6 /* What I Have DoneUITests */,
			);
		};
/* End PBXProject section */

/* Begin PBXResourcesBuildPhase section */
		72FCD8352D7337710017B3E6 /* Resources */ = {
			isa = PBXResourcesBuildPhase;
			buildActionMask = 2147483647;
			files = (
			);
			runOnlyForDeploymentPostprocessing = 0;
		};
		72FCD84C2D7337740017B3E6 /* Resources */ = {
			isa = PBXResourcesBuildPhase;
			buildActionMask = 2147483647;
			files = (
			);
			runOnlyForDeploymentPostprocessing = 0;
		};
		72FCD8562D7337740017B3E6 /* Resources */ = {
			isa = PBXResourcesBuildPhase;
			buildActionMask = 2147483647;
			files = (
			);
			runOnlyForDeploymentPostprocessing = 0;
		};
/* End PBXResourcesBuildPhase section */

/* Begin PBXSourcesBuildPhase section */
		72FCD8332D7337710017B3E6 /* Sources */ = {
			isa = PBXSourcesBuildPhase;
			buildActionMask = 2147483647;
			files = (
			);
			runOnlyForDeploymentPostprocessing = 0;
		};
		72FCD84A2D7337740017B3E6 /* Sources */ = {
			isa = PBXSourcesBuildPhase;
			buildActionMask = 2147483647;
			files = (
			);
			runOnlyForDeploymentPostprocessing = 0;
		};
		72FCD8542D7337740017B3E6 /* Sources */ = {
			isa = PBXSourcesBuildPhase;
			buildActionMask = 2147483647;
			files = (
			);
			runOnlyForDeploymentPostprocessing = 0;
		};
/* End PBXSourcesBuildPhase section */

/* Begin PBXTargetDependency section */
		72FCD8502D7337740017B3E6 /* PBXTargetDependency */ = {
			isa = PBXTargetDependency;
			target = 72FCD8362D7337710017B3E6 /* What I Have Done */;
			targetProxy = 72FCD84F2D7337740017B3E6 /* PBXContainerItemProxy */;
		};
		72FCD85A2D7337740017B3E6 /* PBXTargetDependency */ = {
			isa = PBXTargetDependency;
			target = 72FCD8362D7337710017B3E6 /* What I Have Done */;
			targetProxy = 72FCD8592D7337740017B3E6 /* PBXContainerItemProxy */;
		};
/* End PBXTargetDependency section */

/* Begin XCBuildConfiguration section */
		72FCD8622D7337740017B3E6 /* Debug */ = {
			isa = XCBuildConfiguration;
			buildSettings = {
				ASSETCATALOG_COMPILER_APPICON_NAME = AppIcon;
				ASSETCATALOG_COMPILER_GLOBAL_ACCENT_COLOR_NAME = AccentColor;
				CODE_SIGN_ENTITLEMENTS = "What I Have Done/What_I_Have_Done.entitlements";
				CODE_SIGN_STYLE = Automatic;
				CURRENT_PROJECT_VERSION = 1;
				DEVELOPMENT_ASSET_PATHS = "\"What I Have Done/Preview Content\"";
				DEVELOPMENT_TEAM = N6CND3KBA3;
				ENABLE_PREVIEWS = YES;
				GENERATE_INFOPLIST_FILE = YES;
				INFOPLIST_FILE = "What I Have Done/Info.plist";
				INFOPLIST_KEY_UIApplicationSceneManifest_Generation = YES;
				INFOPLIST_KEY_UIApplicationSupportsIndirectInputEvents = YES;
				INFOPLIST_KEY_UILaunchScreen_Generation = YES;
				INFOPLIST_KEY_UISupportedInterfaceOrientations_iPad = "UIInterfaceOrientationPortrait UIInterfaceOrientationPortraitUpsideDown UIInterfaceOrientationLandscapeLeft UIInterfaceOrientationLandscapeRight";
				INFOPLIST_KEY_UISupportedInterfaceOrientations_iPhone = "UIInterfaceOrientationPortrait UIInterfaceOrientationLandscapeLeft UIInterfaceOrientationLandscapeRight";
				LD_RUNPATH_SEARCH_PATHS = (
					"$(inherited)",
					"@executable_path/Frameworks",
				);
				MARKETING_VERSION = 1.0;
				PRODUCT_BUNDLE_IDENTIFIER = "tr.com.egesucu.What-I-Have-Done";
				PRODUCT_NAME = "$(TARGET_NAME)";
				SWIFT_EMIT_LOC_STRINGS = YES;
				SWIFT_VERSION = 5.0;
				TARGETED_DEVICE_FAMILY = "1,2";
			};
			name = Debug;
		};
		72FCD8632D7337740017B3E6 /* Release */ = {
			isa = XCBuildConfiguration;
			buildSettings = {
				ASSETCATALOG_COMPILER_APPICON_NAME = AppIcon;
				ASSETCATALOG_COMPILER_GLOBAL_ACCENT_COLOR_NAME = AccentColor;
				CODE_SIGN_ENTITLEMENTS = "What I Have Done/What_I_Have_Done.entitlements";
				CODE_SIGN_STYLE = Automatic;
				CURRENT_PROJECT_VERSION = 1;
				DEVELOPMENT_ASSET_PATHS = "\"What I Have Done/Preview Content\"";
				DEVELOPMENT_TEAM = N6CND3KBA3;
				ENABLE_PREVIEWS = YES;
				GENERATE_INFOPLIST_FILE = YES;
				INFOPLIST_FILE = "What I Have Done/Info.plist";
				INFOPLIST_KEY_UIApplicationSceneManifest_Generation = YES;
				INFOPLIST_KEY_UIApplicationSupportsIndirectInputEvents = YES;
				INFOPLIST_KEY_UILaunchScreen_Generation = YES;
				INFOPLIST_KEY_UISupportedInterfaceOrientations_iPad = "UIInterfaceOrientationPortrait UIInterfaceOrientationPortraitUpsideDown UIInterfaceOrientationLandscapeLeft UIInterfaceOrientationLandscapeRight";
				INFOPLIST_KEY_UISupportedInterfaceOrientations_iPhone = "UIInterfaceOrientationPortrait UIInterfaceOrientationLandscapeLeft UIInterfaceOrientationLandscapeRight";
				LD_RUNPATH_SEARCH_PATHS = (
					"$(inherited)",
					"@executable_path/Frameworks",
				);
				MARKETING_VERSION = 1.0;
				PRODUCT_BUNDLE_IDENTIFIER = "tr.com.egesucu.What-I-Have-Done";
				PRODUCT_NAME = "$(TARGET_NAME)";
				SWIFT_EMIT_LOC_STRINGS = YES;
				SWIFT_VERSION = 5.0;
				TARGETED_DEVICE_FAMILY = "1,2";
			};
			name = Release;
		};
		72FCD8642D7337740017B3E6 /* Debug */ = {
			isa = XCBuildConfiguration;
			buildSettings = {
				ALWAYS_SEARCH_USER_PATHS = NO;
				ASSETCATALOG_COMPILER_GENERATE_SWIFT_ASSET_SYMBOL_EXTENSIONS = YES;
				CLANG_ANALYZER_NONNULL = YES;
				CLANG_ANALYZER_NUMBER_OBJECT_CONVERSION = YES_AGGRESSIVE;
				CLANG_CXX_LANGUAGE_STANDARD = "gnu++20";
				CLANG_ENABLE_MODULES = YES;
				CLANG_ENABLE_OBJC_ARC = YES;
				CLANG_ENABLE_OBJC_WEAK = YES;
				CLANG_WARN_BLOCK_CAPTURE_AUTORELEASING = YES;
				CLANG_WARN_BOOL_CONVERSION = YES;
				CLANG_WARN_COMMA = YES;
				CLANG_WARN_CONSTANT_CONVERSION = YES;
				CLANG_WARN_DEPRECATED_OBJC_IMPLEMENTATIONS = YES;
				CLANG_WARN_DIRECT_OBJC_ISA_USAGE = YES_ERROR;
				CLANG_WARN_DOCUMENTATION_COMMENTS = YES;
				CLANG_WARN_EMPTY_BODY = YES;
				CLANG_WARN_ENUM_CONVERSION = YES;
				CLANG_WARN_INFINITE_RECURSION = YES;
				CLANG_WARN_INT_CONVERSION = YES;
				CLANG_WARN_NON_LITERAL_NULL_CONVERSION = YES;
				CLANG_WARN_OBJC_IMPLICIT_RETAIN_SELF = YES;
				CLANG_WARN_OBJC_LITERAL_CONVERSION = YES;
				CLANG_WARN_OBJC_ROOT_CLASS = YES_ERROR;
				CLANG_WARN_QUOTED_INCLUDE_IN_FRAMEWORK_HEADER = YES;
				CLANG_WARN_RANGE_LOOP_ANALYSIS = YES;
				CLANG_WARN_STRICT_PROTOTYPES = YES;
				CLANG_WARN_SUSPICIOUS_MOVE = YES;
				CLANG_WARN_UNGUARDED_AVAILABILITY = YES_AGGRESSIVE;
				CLANG_WARN_UNREACHABLE_CODE = YES;
				CLANG_WARN__DUPLICATE_METHOD_MATCH = YES;
				COPY_PHASE_STRIP = NO;
				DEBUG_INFORMATION_FORMAT = dwarf;
				ENABLE_STRICT_OBJC_MSGSEND = YES;
				ENABLE_TESTABILITY = YES;
				ENABLE_USER_SCRIPT_SANDBOXING = YES;
				GCC_C_LANGUAGE_STANDARD = gnu17;
				GCC_DYNAMIC_NO_PIC = NO;
				GCC_NO_COMMON_BLOCKS = YES;
				GCC_OPTIMIZATION_LEVEL = 0;
				GCC_PREPROCESSOR_DEFINITIONS = (
					"DEBUG=1",
					"$(inherited)",
				);
				GCC_WARN_64_TO_32_BIT_CONVERSION = YES;
				GCC_WARN_ABOUT_RETURN_TYPE = YES_ERROR;
				GCC_WARN_UNDECLARED_SELECTOR = YES;
				GCC_WARN_UNINITIALIZED_AUTOS = YES_AGGRESSIVE;
				GCC_WARN_UNUSED_FUNCTION = YES;
				GCC_WARN_UNUSED_VARIABLE = YES;
				IPHONEOS_DEPLOYMENT_TARGET = 18.2;
				LOCALIZATION_PREFERS_STRING_CATALOGS = YES;
				MTL_ENABLE_DEBUG_INFO = INCLUDE_SOURCE;
				MTL_FAST_MATH = YES;
				ONLY_ACTIVE_ARCH = YES;
				SDKROOT = iphoneos;
				SWIFT_ACTIVE_COMPILATION_CONDITIONS = "DEBUG $(inherited)";
				SWIFT_OPTIMIZATION_LEVEL = "-Onone";
			};
			name = Debug;
		};
		72FCD8652D7337740017B3E6 /* Release */ = {
			isa = XCBuildConfiguration;
			buildSettings = {
				ALWAYS_SEARCH_USER_PATHS = NO;
				ASSETCATALOG_COMPILER_GENERATE_SWIFT_ASSET_SYMBOL_EXTENSIONS = YES;
				CLANG_ANALYZER_NONNULL = YES;
				CLANG_ANALYZER_NUMBER_OBJECT_CONVERSION = YES_AGGRESSIVE;
				CLANG_CXX_LANGUAGE_STANDARD = "gnu++20";
				CLANG_ENABLE_MODULES = YES;
				CLANG_ENABLE_OBJC_ARC = YES;
				CLANG_ENABLE_OBJC_WEAK = YES;
				CLANG_WARN_BLOCK_CAPTURE_AUTORELEASING = YES;
				CLANG_WARN_BOOL_CONVERSION = YES;
				CLANG_WARN_COMMA = YES;
				CLANG_WARN_CONSTANT_CONVERSION = YES;
				CLANG_WARN_DEPRECATED_OBJC_IMPLEMENTATIONS = YES;
				CLANG_WARN_DIRECT_OBJC_ISA_USAGE = YES_ERROR;
				CLANG_WARN_DOCUMENTATION_COMMENTS = YES;
				CLANG_WARN_EMPTY_BODY = YES;
				CLANG_WARN_ENUM_CONVERSION = YES;
				CLANG_WARN_INFINITE_RECURSION = YES;
				CLANG_WARN_INT_CONVERSION = YES;
				CLANG_WARN_NON_LITERAL_NULL_CONVERSION = YES;
				CLANG_WARN_OBJC_IMPLICIT_RETAIN_SELF = YES;
				CLANG_WARN_OBJC_LITERAL_CONVERSION = YES;
				CLANG_WARN_OBJC_ROOT_CLASS = YES_ERROR;
				CLANG_WARN_QUOTED_INCLUDE_IN_FRAMEWORK_HEADER = YES;
				CLANG_WARN_RANGE_LOOP_ANALYSIS = YES;
				CLANG_WARN_STRICT_PROTOTYPES = YES;
				CLANG_WARN_SUSPICIOUS_MOVE = YES;
				CLANG_WARN_UNGUARDED_AVAILABILITY = YES_AGGRESSIVE;
				CLANG_WARN_UNREACHABLE_CODE = YES;
				CLANG_WARN__DUPLICATE_METHOD_MATCH = YES;
				COPY_PHASE_STRIP = NO;
				DEBUG_INFORMATION_FORMAT = "dwarf-with-dsym";
				ENABLE_NS_ASSERTIONS = NO;
				ENABLE_STRICT_OBJC_MSGSEND = YES;
				ENABLE_USER_SCRIPT_SANDBOXING = YES;
				GCC_C_LANGUAGE_STANDARD = gnu17;
				GCC_NO_COMMON_BLOCKS = YES;
				GCC_WARN_64_TO_32_BIT_CONVERSION = YES;
				GCC_WARN_ABOUT_RETURN_TYPE = YES_ERROR;
				GCC_WARN_UNDECLARED_SELECTOR = YES;
				GCC_WARN_UNINITIALIZED_AUTOS = YES_AGGRESSIVE;
				GCC_WARN_UNUSED_FUNCTION = YES;
				GCC_WARN_UNUSED_VARIABLE = YES;
				IPHONEOS_DEPLOYMENT_TARGET = 18.2;
				LOCALIZATION_PREFERS_STRING_CATALOGS = YES;
				MTL_ENABLE_DEBUG_INFO = NO;
				MTL_FAST_MATH = YES;
				SDKROOT = iphoneos;
				SWIFT_COMPILATION_MODE = wholemodule;
				VALIDATE_PRODUCT = YES;
			};
			name = Release;
		};
		72FCD8672D7337740017B3E6 /* Debug */ = {
			isa = XCBuildConfiguration;
			buildSettings = {
				BUNDLE_LOADER = "$(TEST_HOST)";
				CODE_SIGN_STYLE = Automatic;
				CURRENT_PROJECT_VERSION = 1;
				DEVELOPMENT_TEAM = N6CND3KBA3;
				GENERATE_INFOPLIST_FILE = YES;
				IPHONEOS_DEPLOYMENT_TARGET = 18.2;
				MARKETING_VERSION = 1.0;
				PRODUCT_BUNDLE_IDENTIFIER = "tr.com.egesucu.What-I-Have-DoneTests";
				PRODUCT_NAME = "$(TARGET_NAME)";
				SWIFT_EMIT_LOC_STRINGS = NO;
				SWIFT_VERSION = 5.0;
				TARGETED_DEVICE_FAMILY = "1,2";
				TEST_HOST = "$(BUILT_PRODUCTS_DIR)/What I Have Done.app/$(BUNDLE_EXECUTABLE_FOLDER_PATH)/What I Have Done";
			};
			name = Debug;
		};
		72FCD8682D7337740017B3E6 /* Release */ = {
			isa = XCBuildConfiguration;
			buildSettings = {
				BUNDLE_LOADER = "$(TEST_HOST)";
				CODE_SIGN_STYLE = Automatic;
				CURRENT_PROJECT_VERSION = 1;
				DEVELOPMENT_TEAM = N6CND3KBA3;
				GENERATE_INFOPLIST_FILE = YES;
				IPHONEOS_DEPLOYMENT_TARGET = 18.2;
				MARKETING_VERSION = 1.0;
				PRODUCT_BUNDLE_IDENTIFIER = "tr.com.egesucu.What-I-Have-DoneTests";
				PRODUCT_NAME = "$(TARGET_NAME)";
				SWIFT_EMIT_LOC_STRINGS = NO;
				SWIFT_VERSION = 5.0;
				TARGETED_DEVICE_FAMILY = "1,2";
				TEST_HOST = "$(BUILT_PRODUCTS_DIR)/What I Have Done.app/$(BUNDLE_EXECUTABLE_FOLDER_PATH)/What I Have Done";
			};
			name = Release;
		};
		72FCD86A2D7337740017B3E6 /* Debug */ = {
			isa = XCBuildConfiguration;
			buildSettings = {
				CODE_SIGN_STYLE = Automatic;
				CURRENT_PROJECT_VERSION = 1;
				DEVELOPMENT_TEAM = N6CND3KBA3;
				GENERATE_INFOPLIST_FILE = YES;
				MARKETING_VERSION = 1.0;
				PRODUCT_BUNDLE_IDENTIFIER = "tr.com.egesucu.What-I-Have-DoneUITests";
				PRODUCT_NAME = "$(TARGET_NAME)";
				SWIFT_EMIT_LOC_STRINGS = NO;
				SWIFT_VERSION = 5.0;
				TARGETED_DEVICE_FAMILY = "1,2";
				TEST_TARGET_NAME = "What I Have Done";
			};
			name = Debug;
		};
		72FCD86B2D7337740017B3E6 /* Release */ = {
			isa = XCBuildConfiguration;
			buildSettings = {
				CODE_SIGN_STYLE = Automatic;
				CURRENT_PROJECT_VERSION = 1;
				DEVELOPMENT_TEAM = N6CND3KBA3;
				GENERATE_INFOPLIST_FILE = YES;
				MARKETING_VERSION = 1.0;
				PRODUCT_BUNDLE_IDENTIFIER = "tr.com.egesucu.What-I-Have-DoneUITests";
				PRODUCT_NAME = "$(TARGET_NAME)";
				SWIFT_EMIT_LOC_STRINGS = NO;
				SWIFT_VERSION = 5.0;
				TARGETED_DEVICE_FAMILY = "1,2";
				TEST_TARGET_NAME = "What I Have Done";
			};
			name = Release;
		};
/* End XCBuildConfiguration section */

/* Begin XCConfigurationList section */
		72FCD8322D7337710017B3E6 /* Build configuration list for PBXProject "What I Have Done" */ = {
			isa = XCConfigurationList;
			buildConfigurations = (
				72FCD8642D7337740017B3E6 /* Debug */,
				72FCD8652D7337740017B3E6 /* Release */,
			);
			defaultConfigurationIsVisible = 0;
			defaultConfigurationName = Release;
		};
		72FCD8612D7337740017B3E6 /* Build configuration list for PBXNativeTarget "What I Have Done" */ = {
			isa = XCConfigurationList;
			buildConfigurations = (
				72FCD8622D7337740017B3E6 /* Debug */,
				72FCD8632D7337740017B3E6 /* Release */,
			);
			defaultConfigurationIsVisible = 0;
			defaultConfigurationName = Release;
		};
		72FCD8662D7337740017B3E6 /* Build configuration list for PBXNativeTarget "What I Have DoneTests" */ = {
			isa = XCConfigurationList;
			buildConfigurations = (
				72FCD8672D7337740017B3E6 /* Debug */,
				72FCD8682D7337740017B3E6 /* Release */,
			);
			defaultConfigurationIsVisible = 0;
			defaultConfigurationName = Release;
		};
		72FCD8692D7337740017B3E6 /* Build configuration list for PBXNativeTarget "What I Have DoneUITests" */ = {
			isa = XCConfigurationList;
			buildConfigurations = (
				72FCD86A2D7337740017B3E6 /* Debug */,
				72FCD86B2D7337740017B3E6 /* Release */,
			);
			defaultConfigurationIsVisible = 0;
			defaultConfigurationName = Release;
		};
/* End XCConfigurationList section */
	};
	rootObject = 72FCD82F2D7337710017B3E6 /* Project object */;
}
